{
    "aspectjWeaverAgent": {
        "org.aspectj:aspectjweaver": {
            "locked": "1.8.10",
            "requested": "1.8.10"
        }
    },
    "checkstyle": {
        "com.puppycrawl.tools:checkstyle": {
            "locked": "8.4"
        }
    },
    "compile": {
        "com.github.ddemin:test-automation-utils": {
            "locked": "0.1.1",
            "requested": "0.1.1"
        },
        "com.google.guava:guava": {
            "locked": "21.0",
            "requested": "21.0"
        },
        "io.cucumber:cucumber-core": {
            "locked": "2.2.0",
            "requested": "2.2.0"
        },
        "io.cucumber:cucumber-jvm": {
            "locked": "2.2.0",
            "requested": "2.2.0"
        },
        "io.cucumber:cucumber-testng": {
            "locked": "2.2.0",
            "requested": "2.2.0"
        },
        "io.cucumber:gherkin": {
            "locked": "5.0.0",
            "requested": "5.0.0"
        },
        "org.apache.commons:commons-lang3": {
            "locked": "3.5",
            "requested": "3.5"
        },
        "org.awaitility:awaitility": {
            "locked": "2.0.0",
            "requested": "2.0.0"
        },
        "org.hamcrest:hamcrest-core": {
            "locked": "1.3",
            "requested": "1.3"
        },
        "org.hamcrest:hamcrest-library": {
            "locked": "1.3",
            "requested": "1.3"
        },
        "org.projectlombok:lombok": {
            "locked": "1.16.18",
            "requested": "1.16.18"
        },
        "org.slf4j:slf4j-api": {
            "locked": "1.7.21",
            "requested": "1.7.21"
        },
        "org.testng:testng": {
            "locked": "6.10",
            "requested": "6.10"
        }
    },
    "compileClasspath": {
        "com.github.ddemin:test-automation-utils": {
            "locked": "0.1.1",
            "requested": "0.1.1"
        },
        "com.google.code.findbugs:findbugs": {
            "locked": "3.0.1",
            "requested": "3.0.1"
        },
        "com.google.guava:guava": {
            "locked": "21.0",
            "requested": "21.0"
        },
        "io.cucumber:cucumber-core": {
            "locked": "2.2.0",
            "requested": "2.2.0"
        },
        "io.cucumber:cucumber-jvm": {
            "locked": "2.2.0",
            "requested": "2.2.0"
        },
        "io.cucumber:cucumber-testng": {
            "locked": "2.2.0",
            "requested": "2.2.0"
        },
        "io.cucumber:gherkin": {
            "locked": "5.0.0",
            "requested": "5.0.0"
        },
        "org.apache.commons:commons-lang3": {
            "locked": "3.5",
            "requested": "3.5"
        },
        "org.awaitility:awaitility": {
            "locked": "2.0.0",
            "requested": "2.0.0"
        },
        "org.hamcrest:hamcrest-core": {
            "locked": "1.3",
            "requested": "1.3"
        },
        "org.hamcrest:hamcrest-library": {
            "locked": "1.3",
            "requested": "1.3"
        },
        "org.projectlombok:lombok": {
            "locked": "1.16.18",
            "requested": "1.16.18"
        },
        "org.slf4j:slf4j-api": {
            "locked": "1.7.21",
            "requested": "1.7.21"
        },
        "org.testng:testng": {
            "locked": "6.10",
            "requested": "6.10"
        }
    },
    "default": {
        "com.github.ddemin:test-automation-utils": {
            "locked": "0.1.1",
            "requested": "0.1.1"
        },
        "com.google.guava:guava": {
            "locked": "21.0",
            "requested": "21.0"
        },
        "io.cucumber:cucumber-core": {
            "locked": "2.2.0",
            "requested": "2.2.0"
        },
        "io.cucumber:cucumber-jvm": {
            "locked": "2.2.0",
            "requested": "2.2.0"
        },
        "io.cucumber:cucumber-testng": {
            "locked": "2.2.0",
            "requested": "2.2.0"
        },
        "io.cucumber:gherkin": {
            "locked": "5.0.0",
            "requested": "5.0.0"
        },
        "org.apache.commons:commons-lang3": {
            "locked": "3.5",
            "requested": "3.5"
        },
        "org.awaitility:awaitility": {
            "locked": "2.0.0",
            "requested": "2.0.0"
        },
        "org.hamcrest:hamcrest-core": {
            "locked": "1.3",
            "requested": "1.3"
        },
        "org.hamcrest:hamcrest-library": {
            "locked": "1.3",
            "requested": "1.3"
        },
        "org.projectlombok:lombok": {
            "locked": "1.16.18",
            "requested": "1.16.18"
        },
        "org.slf4j:slf4j-api": {
            "locked": "1.7.21",
            "requested": "1.7.21"
        },
        "org.testng:testng": {
            "locked": "6.10",
            "requested": "6.10"
        }
    },
    "findbugs": {
        "com.google.code.findbugs:findbugs": {
            "locked": "3.0.1"
        }
    },
    "jacocoAgent": {
        "org.jacoco:org.jacoco.agent": {
            "locked": "0.7.10-SNAPSHOT"
        }
    },
    "jacocoAnt": {
        "org.jacoco:org.jacoco.ant": {
            "locked": "0.7.10-SNAPSHOT"
        }
    },
    "lombok": {
        "org.projectlombok:lombok": {
            "locked": "1.16.18",
            "requested": "1.16.18"
        }
    },
    "pmd": {
        "net.sourceforge.pmd:pmd-java": {
            "locked": "5.6.1"
        }
    },
    "runtime": {
        "com.github.ddemin:test-automation-utils": {
            "locked": "0.1.1",
            "requested": "0.1.1"
        },
        "com.google.guava:guava": {
            "locked": "21.0",
            "requested": "21.0"
        },
        "io.cucumber:cucumber-core": {
            "locked": "2.2.0",
            "requested": "2.2.0"
        },
        "io.cucumber:cucumber-jvm": {
            "locked": "2.2.0",
            "requested": "2.2.0"
        },
        "io.cucumber:cucumber-testng": {
            "locked": "2.2.0",
            "requested": "2.2.0"
        },
        "io.cucumber:gherkin": {
            "locked": "5.0.0",
            "requested": "5.0.0"
        },
        "org.apache.commons:commons-lang3": {
            "locked": "3.5",
            "requested": "3.5"
        },
        "org.awaitility:awaitility": {
            "locked": "2.0.0",
            "requested": "2.0.0"
        },
        "org.hamcrest:hamcrest-core": {
            "locked": "1.3",
            "requested": "1.3"
        },
        "org.hamcrest:hamcrest-library": {
            "locked": "1.3",
            "requested": "1.3"
        },
        "org.projectlombok:lombok": {
            "locked": "1.16.18",
            "requested": "1.16.18"
        },
        "org.slf4j:slf4j-api": {
            "locked": "1.7.21",
            "requested": "1.7.21"
        },
        "org.testng:testng": {
            "locked": "6.10",
            "requested": "6.10"
        }
    },
    "runtimeClasspath": {
        "com.github.ddemin:test-automation-utils": {
            "locked": "0.1.1",
            "requested": "0.1.1"
        },
        "com.google.guava:guava": {
            "locked": "21.0",
            "requested": "21.0"
        },
        "io.cucumber:cucumber-core": {
            "locked": "2.2.0",
            "requested": "2.2.0"
        },
        "io.cucumber:cucumber-jvm": {
            "locked": "2.2.0",
            "requested": "2.2.0"
        },
        "io.cucumber:cucumber-testng": {
            "locked": "2.2.0",
            "requested": "2.2.0"
        },
        "io.cucumber:gherkin": {
            "locked": "5.0.0",
            "requested": "5.0.0"
        },
        "org.apache.commons:commons-lang3": {
            "locked": "3.5",
            "requested": "3.5"
        },
        "org.awaitility:awaitility": {
            "locked": "2.0.0",
            "requested": "2.0.0"
        },
        "org.hamcrest:hamcrest-core": {
            "locked": "1.3",
            "requested": "1.3"
        },
        "org.hamcrest:hamcrest-library": {
            "locked": "1.3",
            "requested": "1.3"
        },
        "org.projectlombok:lombok": {
            "locked": "1.16.18",
            "requested": "1.16.18"
        },
        "org.slf4j:slf4j-api": {
            "locked": "1.7.21",
            "requested": "1.7.21"
        },
        "org.testng:testng": {
            "locked": "6.10",
            "requested": "6.10"
        }
    },
    "testCompile": {
        "ch.qos.logback:logback-classic": {
            "locked": "1.1.8",
            "requested": "1.1.8"
        },
        "ch.qos.logback:logback-core": {
            "locked": "1.1.8",
            "requested": "1.1.8"
        },
        "com.github.ddemin:test-automation-utils": {
            "locked": "0.1.1",
            "requested": "0.1.1"
        },
        "com.google.guava:guava": {
            "locked": "21.0",
            "requested": "21.0"
        },
        "io.cucumber:cucumber-core": {
            "locked": "2.2.0",
            "requested": "2.2.0"
        },
        "io.cucumber:cucumber-java": {
            "locked": "2.2.0",
            "requested": "2.2.0"
        },
        "io.cucumber:cucumber-jvm": {
            "locked": "2.2.0",
            "requested": "2.2.0"
        },
        "io.cucumber:cucumber-testng": {
            "locked": "2.2.0",
            "requested": "2.2.0"
        },
        "io.cucumber:gherkin": {
            "locked": "5.0.0",
            "requested": "5.0.0"
        },
        "io.qameta.allure:allure-cucumber2-jvm": {
            "locked": "2.0-BETA21",
            "requested": "2.0-BETA21"
        },
        "org.apache.commons:commons-lang3": {
            "locked": "3.5",
            "requested": "3.5"
        },
        "org.awaitility:awaitility": {
            "locked": "2.0.0",
            "requested": "2.0.0"
        },
        "org.hamcrest:hamcrest-core": {
            "locked": "1.3",
            "requested": "1.3"
        },
        "org.hamcrest:hamcrest-library": {
            "locked": "1.3",
            "requested": "1.3"
        },
        "org.mockito:mockito-all": {
            "locked": "1.10.19",
            "requested": "1.10.19"
        },
        "org.projectlombok:lombok": {
            "locked": "1.16.18",
            "requested": "1.16.18"
        },
        "org.slf4j:slf4j-api": {
            "locked": "1.7.21",
            "requested": "1.7.21"
        },
        "org.testng:testng": {
            "locked": "6.10",
            "requested": "6.10"
        }
    },
    "testCompileClasspath": {
        "ch.qos.logback:logback-classic": {
            "locked": "1.1.8",
            "requested": "1.1.8"
        },
        "ch.qos.logback:logback-core": {
            "locked": "1.1.8",
            "requested": "1.1.8"
        },
        "com.github.ddemin:test-automation-utils": {
            "locked": "0.1.1",
            "requested": "0.1.1"
        },
        "com.google.code.findbugs:findbugs": {
            "locked": "3.0.1",
            "requested": "3.0.1"
        },
        "com.google.guava:guava": {
            "locked": "21.0",
            "requested": "21.0"
        },
        "io.cucumber:cucumber-core": {
            "locked": "2.2.0",
            "requested": "2.2.0"
        },
        "io.cucumber:cucumber-java": {
            "locked": "2.2.0",
            "requested": "2.2.0"
        },
        "io.cucumber:cucumber-jvm": {
            "locked": "2.2.0",
            "requested": "2.2.0"
        },
        "io.cucumber:cucumber-testng": {
            "locked": "2.2.0",
            "requested": "2.2.0"
        },
        "io.cucumber:gherkin": {
            "locked": "5.0.0",
            "requested": "5.0.0"
        },
        "io.qameta.allure:allure-cucumber2-jvm": {
            "locked": "2.0-BETA21",
            "requested": "2.0-BETA21"
        },
        "org.apache.commons:commons-lang3": {
            "locked": "3.5",
            "requested": "3.5"
        },
        "org.awaitility:awaitility": {
            "locked": "2.0.0",
            "requested": "2.0.0"
        },
        "org.hamcrest:hamcrest-core": {
            "locked": "1.3",
            "requested": "1.3"
        },
        "org.hamcrest:hamcrest-library": {
            "locked": "1.3",
            "requested": "1.3"
        },
        "org.mockito:mockito-all": {
            "locked": "1.10.19",
            "requested": "1.10.19"
        },
        "org.projectlombok:lombok": {
            "locked": "1.16.18",
            "requested": "1.16.18"
        },
        "org.slf4j:slf4j-api": {
            "locked": "1.7.21",
            "requested": "1.7.21"
        },
        "org.testng:testng": {
            "locked": "6.10",
            "requested": "6.10"
        }
    },
    "testRuntime": {
        "ch.qos.logback:logback-classic": {
            "locked": "1.1.8",
            "requested": "1.1.8"
        },
        "ch.qos.logback:logback-core": {
            "locked": "1.1.8",
            "requested": "1.1.8"
        },
        "com.github.ddemin:test-automation-utils": {
            "locked": "0.1.1",
            "requested": "0.1.1"
        },
        "com.google.guava:guava": {
            "locked": "21.0",
            "requested": "21.0"
        },
        "io.cucumber:cucumber-core": {
            "locked": "2.2.0",
            "requested": "2.2.0"
        },
        "io.cucumber:cucumber-java": {
            "locked": "2.2.0",
            "requested": "2.2.0"
        },
        "io.cucumber:cucumber-jvm": {
            "locked": "2.2.0",
            "requested": "2.2.0"
        },
        "io.cucumber:cucumber-testng": {
            "locked": "2.2.0",
            "requested": "2.2.0"
        },
        "io.cucumber:gherkin": {
            "locked": "5.0.0",
            "requested": "5.0.0"
        },
        "io.qameta.allure:allure-cucumber2-jvm": {
            "locked": "2.0-BETA21",
            "requested": "2.0-BETA21"
        },
        "org.apache.commons:commons-lang3": {
            "locked": "3.5",
            "requested": "3.5"
        },
        "org.awaitility:awaitility": {
            "locked": "2.0.0",
            "requested": "2.0.0"
        },
        "org.hamcrest:hamcrest-core": {
            "locked": "1.3",
            "requested": "1.3"
        },
        "org.hamcrest:hamcrest-library": {
            "locked": "1.3",
            "requested": "1.3"
        },
        "org.mockito:mockito-all": {
            "locked": "1.10.19",
            "requested": "1.10.19"
        },
        "org.projectlombok:lombok": {
            "locked": "1.16.18",
            "requested": "1.16.18"
        },
        "org.slf4j:slf4j-api": {
            "locked": "1.7.21",
            "requested": "1.7.21"
        },
        "org.testng:testng": {
            "locked": "6.10",
            "requested": "6.10"
        }
    },
    "testRuntimeClasspath": {
        "ch.qos.logback:logback-classic": {
            "locked": "1.1.8",
            "requested": "1.1.8"
        },
        "ch.qos.logback:logback-core": {
            "locked": "1.1.8",
            "requested": "1.1.8"
        },
        "com.github.ddemin:test-automation-utils": {
            "locked": "0.1.1",
            "requested": "0.1.1"
        },
        "com.google.guava:guava": {
            "locked": "21.0",
            "requested": "21.0"
        },
        "io.cucumber:cucumber-core": {
            "locked": "2.2.0",
            "requested": "2.2.0"
        },
        "io.cucumber:cucumber-java": {
            "locked": "2.2.0",
            "requested": "2.2.0"
        },
        "io.cucumber:cucumber-jvm": {
            "locked": "2.2.0",
            "requested": "2.2.0"
        },
        "io.cucumber:cucumber-testng": {
            "locked": "2.2.0",
            "requested": "2.2.0"
        },
        "io.cucumber:gherkin": {
            "locked": "5.0.0",
            "requested": "5.0.0"
        },
        "io.qameta.allure:allure-cucumber2-jvm": {
            "locked": "2.0-BETA21",
            "requested": "2.0-BETA21"
        },
        "org.apache.commons:commons-lang3": {
            "locked": "3.5",
            "requested": "3.5"
        },
        "org.awaitility:awaitility": {
            "locked": "2.0.0",
            "requested": "2.0.0"
        },
        "org.hamcrest:hamcrest-core": {
            "locked": "1.3",
            "requested": "1.3"
        },
        "org.hamcrest:hamcrest-library": {
            "locked": "1.3",
            "requested": "1.3"
        },
        "org.mockito:mockito-all": {
            "locked": "1.10.19",
            "requested": "1.10.19"
        },
        "org.projectlombok:lombok": {
            "locked": "1.16.18",
            "requested": "1.16.18"
        },
        "org.slf4j:slf4j-api": {
            "locked": "1.7.21",
            "requested": "1.7.21"
        },
        "org.testng:testng": {
            "locked": "6.10",
            "requested": "6.10"
        }
    }
}